{
  "name": "pi-network-browser-detect",
  "version": "1.0.3",
  "lockfileVersion": 3,
  "requires": true,
  "packages": {
    "": {
      "name": "pi-network-browser-detect",
      "version": "1.0.3",
      "license": "MIT",
      "dependencies": {
        "pi-network-browser-detect": "^1.0.3"
      }
    },
    "node_modules/pi-network-browser-detect": {
      "version": "1.0.3",
      "resolved": "https://registry.npmjs.org/pi-network-browser-detect/-/pi-network-browser-detect-1.0.3.tgz",
      "integrity": "sha512-li1rzuc0jjLIkyNma+AzOvXAxDZae7CTeMmR/skPW5TMXmMTAxE+O4l5wGny5XezNfW5o/UfMcdCHXi+Pnk5YA==",
      "license": "MIT"
    }
  }
}
